
Microsoft Visual Studio Solution File, Format Version 12.00
# Visual Studio Version 16
VisualStudioVersion = 16.0.30225.117
MinimumVisualStudioVersion = 10.0.40219.1
Project("{FAE04EC0-301F-11D3-BF4B-00C04F79EFBC}") = "CarServiceClients", "CarServiceClients.csproj", "{9A7DC2F2-484A-4236-9DDF-F3EC179C3E25}"
EndProject
Global
	GlobalSection(SolutionConfigurationPlatforms) = preSolution
		Debug|Any CPU = Debug|Any CPU
		Release|Any CPU = Release|Any CPU
	EndGlobalSection
	GlobalSection(ProjectConfigurationPlatforms) = postSolution
		{9A7DC2F2-484A-4236-9DDF-F3EC179C3E25}.Debug|Any CPU.ActiveCfg = Debug|Any CPU
		{9A7DC2F2-484A-4236-9DDF-F3EC179C3E25}.Debug|Any CPU.Build.0 = Debug|Any CPU
		{9A7DC2F2-484A-4236-9DDF-F3EC179C3E25}.Release|Any CPU.ActiveCfg = Release|Any CPU
		{9A7DC2F2-484A-4236-9DDF-F3EC179C3E25}.Release|Any CPU.Build.0 = Release|Any CPU
	EndGlobalSection
	GlobalSection(SolutionProperties) = preSolution
		HideSolutionNode = FALSE
	EndGlobalSection
	GlobalSection(ExtensibilityGlobals) = postSolution
		SolutionGuid = {87AB7ECC-BFF3-41E8-96FE-B304D5051761}
	EndGlobalSection
EndGlobal
